// !$*UTF8*$!
{
	archiveVersion = 1;
	classes = {
	};
	objectVersion = 46;
	objects = {

/* Begin PBXBuildFile section */
		BD073E5EB6DB951D346B7180 /* Pods_Sales_Tax_Calculator.framework in Frameworks */ = {isa = PBXBuildFile; fileRef = 62FD8FD10B2C0515C7AC60EE /* Pods_Sales_Tax_Calculator.framework */; };
		BDBD336D1E6CC8B600063032 /* AppDelegate.swift in Sources */ = {isa = PBXBuildFile; fileRef = BDBD336C1E6CC8B600063032 /* AppDelegate.swift */; };
		BDBD336F1E6CC8B600063032 /* ViewController.swift in Sources */ = {isa = PBXBuildFile; fileRef = BDBD336E1E6CC8B600063032 /* ViewController.swift */; };
		BDBD33721E6CC8B600063032 /* Main.storyboard in Resources */ = {isa = PBXBuildFile; fileRef = BDBD33701E6CC8B600063032 /* Main.storyboard */; };
		BDBD33741E6CC8B600063032 /* Assets.xcassets in Resources */ = {isa = PBXBuildFile; fileRef = BDBD33731E6CC8B600063032 /* Assets.xcassets */; };
		BDBD33771E6CC8B600063032 /* LaunchScreen.storyboard in Resources */ = {isa = PBXBuildFile; fileRef = BDBD33751E6CC8B600063032 /* LaunchScreen.storyboard */; };
/* End PBXBuildFile section */

/* Begin PBXFileReference section */
		62FD8FD10B2C0515C7AC60EE /* Pods_Sales_Tax_Calculator.framework */ = {isa = PBXFileReference; explicitFileType = wrapper.framework; includeInIndex = 0; path = Pods_Sales_Tax_Calculator.framework; sourceTree = BUILT_PRODUCTS_DIR; };
		ADCEBA5F4401B6495802A6F9 /* Pods-Sales Tax Calculator.debug.xcconfig */ = {isa = PBXFileReference; includeInIndex = 1; lastKnownFileType = text.xcconfig; name = "Pods-Sales Tax Calculator.debug.xcconfig"; path = "Pods/Target Support Files/Pods-Sales Tax Calculator/Pods-Sales Tax Calculator.debug.xcconfig"; sourceTree = "<group>"; };
		BDBD33691E6CC8B600063032 /* Sales Tax Calculator.app */ = {isa = PBXFileReference; explicitFileType = wrapper.application; includeInIndex = 0; path = "Sales Tax Calculator.app"; sourceTree = BUILT_PRODUCTS_DIR; };
		BDBD336C1E6CC8B600063032 /* AppDelegate.swift */ = {isa = PBXFileReference; lastKnownFileType = sourcecode.swift; path = AppDelegate.swift; sourceTree = "<group>"; };
		BDBD336E1E6CC8B600063032 /* ViewController.swift */ = {isa = PBXFileReference; lastKnownFileType = sourcecode.swift; path = ViewController.swift; sourceTree = "<group>"; };
		BDBD33711E6CC8B600063032 /* Base */ = {isa = PBXFileReference; lastKnownFileType = file.storyboard; name = Base; path = Base.lproj/Main.storyboard; sourceTree = "<group>"; };
		BDBD33731E6CC8B600063032 /* Assets.xcassets */ = {isa = PBXFileReference; lastKnownFileType = folder.assetcatalog; path = Assets.xcassets; sourceTree = "<group>"; };
		BDBD33761E6CC8B600063032 /* Base */ = {isa = PBXFileReference; lastKnownFileType = file.storyboard; name = Base; path = Base.lproj/LaunchScreen.storyboard; sourceTree = "<group>"; };
		BDBD33781E6CC8B600063032 /* Info.plist */ = {isa = PBXFileReference; lastKnownFileType = text.plist.xml; path = Info.plist; sourceTree = "<group>"; };
		E35B16FD4297EFD108E7453E /* Pods-Sales Tax Calculator.release.xcconfig */ = {isa = PBXFileReference; includeInIndex = 1; lastKnownFileType = text.xcconfig; name = "Pods-Sales Tax Calculator.release.xcconfig"; path = "Pods/Target Support Files/Pods-Sales Tax Calculator/Pods-Sales Tax Calculator.release.xcconfig"; sourceTree = "<group>"; };
/* End PBXFileReference section */

/* Begin PBXFrameworksBuildPhase section */
		BDBD33661E6CC8B600063032 /* Frameworks */ = {
			isa = PBXFrameworksBuildPhase;
			buildActionMask = 2147483647;
			files = (
				BD073E5EB6DB951D346B7180 /* Pods_Sales_Tax_Calculator.framework in Frameworks */,
			);
			runOnlyForDeploymentPostprocessing = 0;
		};
/* End PBXFrameworksBuildPhase section */

/* Begin PBXGroup section */
		B4CDCF7F06EB447010D6302F /* Pods */ = {
			isa = PBXGroup;
			children = (
				ADCEBA5F4401B6495802A6F9 /* Pods-Sales Tax Calculator.debug.xcconfig */,
				E35B16FD4297EFD108E7453E /* Pods-Sales Tax Calculator.release.xcconfig */,
			);
			name = Pods;
			sourceTree = "<group>";
		};
		BDBD33601E6CC8B600063032 = {
			isa = PBXGroup;
			children = (
				BDBD336B1E6CC8B600063032 /* Sales Tax Calculator */,
				BDBD336A1E6CC8B600063032 /* Products */,
				B4CDCF7F06EB447010D6302F /* Pods */,
				DEC1F5135FA269CF9AA1F145 /* Frameworks */,
			);
			sourceTree = "<group>";
		};
		BDBD336A1E6CC8B600063032 /* Products */ = {
			isa = PBXGroup;
			children = (
				BDBD33691E6CC8B600063032 /* Sales Tax Calculator.app */,
			);
			name = Products;
			sourceTree = "<group>";
		};
		BDBD336B1E6CC8B600063032 /* Sales Tax Calculator */ = {
			isa = PBXGroup;
			children = (
				BDBD336C1E6CC8B600063032 /* AppDelegate.swift */,
				BDBD336E1E6CC8B600063032 /* ViewController.swift */,
				BDBD33701E6CC8B600063032 /* Main.storyboard */,
				BDBD33731E6CC8B600063032 /* Assets.xcassets */,
				BDBD33751E6CC8B600063032 /* LaunchScreen.storyboard */,
				BDBD33781E6CC8B600063032 /* Info.plist */,
			);
			path = "Sales Tax Calculator";
			sourceTree = "<group>";
		};
		DEC1F5135FA269CF9AA1F145 /* Frameworks */ = {
			isa = PBXGroup;
			children = (
				62FD8FD10B2C0515C7AC60EE /* Pods_Sales_Tax_Calculator.framework */,
			);
			name = Frameworks;
			sourceTree = "<group>";
		};
/* End PBXGroup section */

/* Begin PBXNativeTarget section */
		BDBD33681E6CC8B600063032 /* Sales Tax Calculator */ = {
			isa = PBXNativeTarget;
			buildConfigurationList = BDBD337B1E6CC8B600063032 /* Build configuration list for PBXNativeTarget "Sales Tax Calculator" */;
			buildPhases = (
				7972C057985D4A6E6E42DE71 /* [CP] Check Pods Manifest.lock */,
				BDBD33651E6CC8B600063032 /* Sources */,
				BDBD33661E6CC8B600063032 /* Frameworks */,
				BDBD33671E6CC8B600063032 /* Resources */,
				835C6653CC00385E486DFF2D /* [CP] Embed Pods Frameworks */,
				41443EBCB66BBB0AB6C36510 /* [CP] Copy Pods Resources */,
			);
			buildRules = (
			);
			dependencies = (
			);
			name = "Sales Tax Calculator";
			productName = "Sales Tax Calculator";
			productReference = BDBD33691E6CC8B600063032 /* Sales Tax Calculator.app */;
			productType = "com.apple.product-type.application";
		};
/* End PBXNativeTarget section */

/* Begin PBXProject section */
		BDBD33611E6CC8B600063032 /* Project object */ = {
			isa = PBXProject;
			attributes = {
				LastSwiftUpdateCheck = 0820;
				LastUpgradeCheck = 0820;
				ORGANIZATIONNAME = "Digimark Technical Solutions";
				TargetAttributes = {
					BDBD33681E6CC8B600063032 = {
						CreatedOnToolsVersion = 8.2.1;
						DevelopmentTeam = 4T87K25SZU;
						ProvisioningStyle = Automatic;
					};
				};
			};
			buildConfigurationList = BDBD33641E6CC8B600063032 /* Build configuration list for PBXProject "Sales Tax Calculator" */;
			compatibilityVersion = "Xcode 3.2";
			developmentRegion = English;
			hasScannedForEncodings = 0;
			knownRegions = (
				en,
				Base,
			);
			mainGroup = BDBD33601E6CC8B600063032;
			productRefGroup = BDBD336A1E6CC8B600063032 /* Products */;
			projectDirPath = "";
			projectRoot = "";
			targets = (
				BDBD33681E6CC8B600063032 /* Sales Tax Calculator */,
			);
		};
/* End PBXProject section */

/* Begin PBXResourcesBuildPhase section */
		BDBD33671E6CC8B600063032 /* Resources */ = {
			isa = PBXResourcesBuildPhase;
			buildActionMask = 2147483647;
			files = (
				BDBD33771E6CC8B600063032 /* LaunchScreen.storyboard in Resources */,
				BDBD33741E6CC8B600063032 /* Assets.xcassets in Resources */,
				BDBD33721E6CC8B600063032 /* Main.storyboard in Resources */,
			);
			runOnlyForDeploymentPostprocessing = 0;
		};
/* End PBXResourcesBuildPhase section */

/* Begin PBXShellScriptBuildPhase section */
		41443EBCB66BBB0AB6C36510 /* [CP] Copy Pods Resources */ = {
			isa = PBXShellScriptBuildPhase;
			buildActionMask = 2147483647;
			files = (
			);
			inputPaths = (
			);
			name = "[CP] Copy Pods Resources";
			outputPaths = (
			);
			runOnlyForDeploymentPostprocessing = 0;
			shellPath = /bin/sh;
			shellScript = "\"${SRCROOT}/Pods/Target Support Files/Pods-Sales Tax Calculator/Pods-Sales Tax Calculator-resources.sh\"\n";
			showEnvVarsInLog = 0;
		};
		7972C057985D4A6E6E42DE71 /* [CP] Check Pods Manifest.lock */ = {
			isa = PBXShellScriptBuildPhase;
			buildActionMask = 2147483647;
			files = (
			);
			inputPaths = (
			);
			name = "[CP] Check Pods Manifest.lock";
			outputPaths = (
			);
			runOnlyForDeploymentPostprocessing = 0;
			shellPath = /bin/sh;
			shellScript = "diff \"${PODS_ROOT}/../Podfile.lock\" \"${PODS_ROOT}/Manifest.lock\" > /dev/null\nif [ $? != 0 ] ; then\n    # print error to STDERR\n    echo \"error: The sandbox is not in sync with the Podfile.lock. Run 'pod install' or update your CocoaPods installation.\" >&2\n    exit 1\nfi\n";
			showEnvVarsInLog = 0;
		};
		835C6653CC00385E486DFF2D /* [CP] Embed Pods Frameworks */ = {
			isa = PBXShellScriptBuildPhase;
			buildActionMask = 2147483647;
			files = (
			);
			inputPaths = (
			);
			name = "[CP] Embed Pods Frameworks";
			outputPaths = (
			);
			runOnlyForDeploymentPostprocessing = 0;
			shellPath = /bin/sh;
			shellScript = "\"${SRCROOT}/Pods/Target Support Files/Pods-Sales Tax Calculator/Pods-Sales Tax Calculator-frameworks.sh\"\n";
			showEnvVarsInLog = 0;
		};
/* End PBXShellScriptBuildPhase section */

/* Begin PBXSourcesBuildPhase section */
		BDBD33651E6CC8B600063032 /* Sources */ = {
			isa = PBXSourcesBuildPhase;
			buildActionMask = 2147483647;
			files = (
				BDBD336F1E6CC8B600063032 /* ViewController.swift in Sources */,
				BDBD336D1E6CC8B600063032 /* AppDelegate.swift in Sources */,
			);
			runOnlyForDeploymentPostprocessing = 0;
		};
/* End PBXSourcesBuildPhase section */

/* Begin PBXVariantGroup section */
		BDBD33701E6CC8B600063032 /* Main.storyboard */ = {
			isa = PBXVariantGroup;
			children = (
				BDBD33711E6CC8B600063032 /* Base */,
			);
			name = Main.storyboard;
			sourceTree = "<group>";
		};
		BDBD33751E6CC8B600063032 /* LaunchScreen.storyboard */ = {
			isa = PBXVariantGroup;
			children = (
				BDBD33761E6CC8B600063032 /* Base */,
			);
			name = LaunchScreen.storyboard;
			sourceTree = "<group>";
		};
/* End PBXVariantGroup section */

/* Begin XCBuildConfiguration section */
		BDBD33791E6CC8B600063032 /* Debug */ = {
			isa = XCBuildConfiguration;
			buildSettings = {
				ALWAYS_SEARCH_USER_PATHS = NO;
				CLANG_ANALYZER_NONNULL = YES;
				CLANG_CXX_LANGUAGE_STANDARD = "gnu++0x";
				CLANG_CXX_LIBRARY = "libc++";
				CLANG_ENABLE_MODULES = YES;
				CLANG_ENABLE_OBJC_ARC = YES;
				CLANG_WARN_BOOL_CONVERSION = YES;
				CLANG_WARN_CONSTANT_CONVERSION = YES;
				CLANG_WARN_DIRECT_OBJC_ISA_USAGE = YES_ERROR;
				CLANG_WARN_DOCUMENTATION_COMMENTS = YES;
				CLANG_WARN_EMPTY_BODY = YES;
				CLANG_WARN_ENUM_CONVERSION = YES;
				CLANG_WARN_INFINITE_RECURSION = YES;
				CLANG_WARN_INT_CONVERSION = YES;
				CLANG_WARN_OBJC_ROOT_CLASS = YES_ERROR;
				CLANG_WARN_SUSPICIOUS_MOVE = YES;
				CLANG_WARN_UNREACHABLE_CODE = YES;
				CLANG_WARN__DUPLICATE_METHOD_MATCH = YES;
				"CODE_SIGN_IDENTITY[sdk=iphoneos*]" = "iPhone Developer";
				COPY_PHASE_STRIP = NO;
				DEBUG_INFORMATION_FORMAT = dwarf;
				ENABLE_STRICT_OBJC_MSGSEND = YES;
				ENABLE_TESTABILITY = YES;
				GCC_C_LANGUAGE_STANDARD = gnu99;
				GCC_DYNAMIC_NO_PIC = NO;
				GCC_NO_COMMON_BLOCKS = YES;
				GCC_OPTIMIZATION_LEVEL = 0;
				GCC_PREPROCESSOR_DEFINITIONS = (
					"DEBUG=1",
					"$(inherited)",
				);
				GCC_WARN_64_TO_32_BIT_CONVERSION = YES;
				GCC_WARN_ABOUT_RETURN_TYPE = YES_ERROR;
				GCC_WARN_UNDECLARED_SELECTOR = YES;
				GCC_WARN_UNINITIALIZED_AUTOS = YES_AGGRESSIVE;
				GCC_WARN_UNUSED_FUNCTION = YES;
				GCC_WARN_UNUSED_VARIABLE = YES;
				IPHONEOS_DEPLOYMENT_TARGET = 10.2;
				MTL_ENABLE_DEBUG_INFO = YES;
				ONLY_ACTIVE_ARCH = YES;
				SDKROOT = iphoneos;
				SWIFT_ACTIVE_COMPILATION_CONDITIONS = DEBUG;
				SWIFT_OPTIMIZATION_LEVEL = "-Onone";
			};
			name = Debug;
		};
		BDBD337A1E6CC8B600063032 /* Release */ = {
			isa = XCBuildConfiguration;
			buildSettings = {
				ALWAYS_SEARCH_USER_PATHS = NO;
				CLANG_ANALYZER_NONNULL = YES;
				CLANG_CXX_LANGUAGE_STANDARD = "gnu++0x";
				CLANG_CXX_LIBRARY = "libc++";
				CLANG_ENABLE_MODULES = YES;
				CLANG_ENABLE_OBJC_ARC = YES;
				CLANG_WARN_BOOL_CONVERSION = YES;
				CLANG_WARN_CONSTANT_CONVERSION = YES;
				CLANG_WARN_DIRECT_OBJC_ISA_USAGE = YES_ERROR;
				CLANG_WARN_DOCUMENTATION_COMMENTS = YES;
				CLANG_WARN_EMPTY_BODY = YES;
				CLANG_WARN_ENUM_CONVERSION = YES;
				CLANG_WARN_INFINITE_RECURSION = YES;
				CLANG_WARN_INT_CONVERSION = YES;
				CLANG_WARN_OBJC_ROOT_CLASS = YES_ERROR;
				CLANG_WARN_SUSPICIOUS_MOVE = YES;
				CLANG_WARN_UNREACHABLE_CODE = YES;
				CLANG_WARN__DUPLICATE_METHOD_MATCH = YES;
				"CODE_SIGN_IDENTITY[sdk=iphoneos*]" = "iPhone Developer";
				COPY_PHASE_STRIP = NO;
				DEBUG_INFORMATION_FORMAT = "dwarf-with-dsym";
				ENABLE_NS_ASSERTIONS = NO;
				ENABLE_STRICT_OBJC_MSGSEND = YES;
				GCC_C_LANGUAGE_STANDARD = gnu99;
				GCC_NO_COMMON_BLOCKS = YES;
				GCC_WARN_64_TO_32_BIT_CONVERSION = YES;
				GCC_WARN_ABOUT_RETURN_TYPE = YES_ERROR;
				GCC_WARN_UNDECLARED_SELECTOR = YES;
				GCC_WARN_UNINITIALIZED_AUTOS = YES_AGGRESSIVE;
				GCC_WARN_UNUSED_FUNCTION = YES;
				GCC_WARN_UNUSED_VARIABLE = YES;
				IPHONEOS_DEPLOYMENT_TARGET = 10.2;
				MTL_ENABLE_DEBUG_INFO = NO;
				SDKROOT = iphoneos;
				SWIFT_OPTIMIZATION_LEVEL = "-Owholemodule";
				VALIDATE_PRODUCT = YES;
			};
			name = Release;
		};
		BDBD337C1E6CC8B600063032 /* Debug */ = {
			isa = XCBuildConfiguration;
			baseConfigurationReference = ADCEBA5F4401B6495802A6F9 /* Pods-Sales Tax Calculator.debug.xcconfig */;
			buildSettings = {
				ASSETCATALOG_COMPILER_APPICON_NAME = AppIcon;
				DEVELOPMENT_TEAM = 4T87K25SZU;
				INFOPLIST_FILE = "Sales Tax Calculator/Info.plist";
				LD_RUNPATH_SEARCH_PATHS = "$(inherited) @executable_path/Frameworks";
				PRODUCT_BUNDLE_IDENTIFIER = "com.digimarktech.Sales-Tax-Calculator";
				PRODUCT_NAME = "$(TARGET_NAME)";
				SWIFT_VERSION = 3.0;
			};
			name = Debug;
		};
		BDBD337D1E6CC8B600063032 /* Release */ = {
			isa = XCBuildConfiguration;
			baseConfigurationReference = E35B16FD4297EFD108E7453E /* Pods-Sales Tax Calculator.release.xcconfig */;
			buildSettings = {
				ASSETCATALOG_COMPILER_APPICON_NAME = AppIcon;
				DEVELOPMENT_TEAM = 4T87K25SZU;
				INFOPLIST_FILE = "Sales Tax Calculator/Info.plist";
				LD_RUNPATH_SEARCH_PATHS = "$(inherited) @executable_path/Frameworks";
				PRODUCT_BUNDLE_IDENTIFIER = "com.digimarktech.Sales-Tax-Calculator";
				PRODUCT_NAME = "$(TARGET_NAME)";
				SWIFT_VERSION = 3.0;
			};
			name = Release;
		};
/* End XCBuildConfiguration section */

/* Begin XCConfigurationList section */
		BDBD33641E6CC8B600063032 /* Build configuration list for PBXProject "Sales Tax Calculator" */ = {
			isa = XCConfigurationList;
			buildConfigurations = (
				BDBD33791E6CC8B600063032 /* Debug */,
				BDBD337A1E6CC8B600063032 /* Release */,
			);
			defaultConfigurationIsVisible = 0;
			defaultConfigurationName = Release;
		};
		BDBD337B1E6CC8B600063032 /* Build configuration list for PBXNativeTarget "Sales Tax Calculator" */ = {
			isa = XCConfigurationList;
			buildConfigurations = (
				BDBD337C1E6CC8B600063032 /* Debug */,
				BDBD337D1E6CC8B600063032 /* Release */,
			);
			defaultConfigurationIsVisible = 0;
			defaultConfigurationName = Release;
		};
/* End XCConfigurationList section */
	};
	rootObject = BDBD33611E6CC8B600063032 /* Project object */;
}
